
Microsoft Visual Studio Solution File, Format Version 12.00
# Visual Studio Version 17
VisualStudioVersion = 17.1.32210.238
MinimumVisualStudioVersion = 10.0.40219.1
Project("{2150E333-8FDC-42A3-9474-1A3956D46DE8}") = "Common", "Common", "{B377782B-DE03-4052-B011-761AE0928C4C}"
EndProject
Project("{2150E333-8FDC-42A3-9474-1A3956D46DE8}") = "WebApp", "WebApp", "{A08DAF1F-1535-48BA-94F0-45765EB13DBF}"
EndProject
Project("{2150E333-8FDC-42A3-9474-1A3956D46DE8}") = "Constants", "Constants", "{5AB2B6B8-BDA1-4EA0-A3EC-8674DDC2CD80}"
EndProject
Project("{2150E333-8FDC-42A3-9474-1A3956D46DE8}") = "Enums", "Enums", "{D066FF64-2DA2-4BEB-9AFB-8881E5EDB6A6}"
EndProject
Project("{2150E333-8FDC-42A3-9474-1A3956D46DE8}") = "Models", "Models", "{A8E185DD-7623-4B3B-AE00-FDCFEF3F3D37}"
EndProject
Project("{2150E333-8FDC-42A3-9474-1A3956D46DE8}") = "Libraries", "Libraries", "{8FF1D2D6-2591-40CC-BA92-F011EC6870B3}"
EndProject
Project("{2150E333-8FDC-42A3-9474-1A3956D46DE8}") = "1.WebAPI", "1.WebAPI", "{8B32BBD9-0CCD-4E6C-AA68-F57E223F09F4}"
EndProject
Project("{2150E333-8FDC-42A3-9474-1A3956D46DE8}") = "2.Services", "2.Services", "{6B08AA25-1E4F-41BB-B845-5656BD7AE61F}"
EndProject
Project("{2150E333-8FDC-42A3-9474-1A3956D46DE8}") = "3.BusinessLogic", "3.BusinessLogic", "{EBAA358C-36F0-4520-9F5D-2DA145A08670}"
EndProject
Project("{2150E333-8FDC-42A3-9474-1A3956D46DE8}") = "4.DataAccess", "4.DataAccess", "{5C018AB9-0EE9-4316-B729-65747E89C57B}"
EndProject
Project("{FAE04EC0-301F-11D3-BF4B-00C04F79EFBC}") = "DotNetCoreCarProject.WebApp.1.WebAPI", "otNetCoreCarProject.WebApp.1.WebAPI\DotNetCoreCarProject.WebApp.1.WebAPI.csproj", "{8C18941C-E5DF-431C-ACF1-E8E227A19EE3}"
EndProject
Project("{FAE04EC0-301F-11D3-BF4B-00C04F79EFBC}") = "DotNetCoreCarProject.WebApp.2.Services", "DotNetCoreCarProject.WebApp.2.Services\DotNetCoreCarProject.WebApp.2.Services.csproj", "{AC3DB729-1096-4269-A8C4-54690E061AA8}"
EndProject
Project("{FAE04EC0-301F-11D3-BF4B-00C04F79EFBC}") = "DotNetCoreCarProject.WebApp.3.BusinessLogic", "DotNetCoreCarProject.WebApp.3.BusinessLogic\DotNetCoreCarProject.WebApp.3.BusinessLogic.csproj", "{643F3F17-B217-4AAA-A468-DB16E3CD6763}"
EndProject
Project("{FAE04EC0-301F-11D3-BF4B-00C04F79EFBC}") = "DotNetCoreCarProject.WebApp.4.DataAccess", "DotNetCoreCarProject.WebApp.4.DataAccess\DotNetCoreCarProject.WebApp.4.DataAccess.csproj", "{E697AA19-E743-4746-9457-EF3995DAAADB}"
EndProject
Project("{FAE04EC0-301F-11D3-BF4B-00C04F79EFBC}") = "DotNetCoreCarProject.Common.Models", "DotNetCoreCarProject.Common.Models\DotNetCoreCarProject.Common.Models.csproj", "{5D775131-29E8-47C1-A478-EDC09A8A0AA9}"
EndProject
Project("{FAE04EC0-301F-11D3-BF4B-00C04F79EFBC}") = "DotNetCoreCarProject.Common.Enums", "DotNetCoreCarProject.Common.Enums\DotNetCoreCarProject.Common.Enums.csproj", "{6EBAC6F1-9CF5-4658-A778-524C716242AD}"
EndProject
Global
	GlobalSection(SolutionConfigurationPlatforms) = preSolution
		Debug|Any CPU = Debug|Any CPU
		Release|Any CPU = Release|Any CPU
	EndGlobalSection
	GlobalSection(ProjectConfigurationPlatforms) = postSolution
		{8C18941C-E5DF-431C-ACF1-E8E227A19EE3}.Debug|Any CPU.ActiveCfg = Debug|Any CPU
		{8C18941C-E5DF-431C-ACF1-E8E227A19EE3}.Debug|Any CPU.Build.0 = Debug|Any CPU
		{8C18941C-E5DF-431C-ACF1-E8E227A19EE3}.Release|Any CPU.ActiveCfg = Release|Any CPU
		{8C18941C-E5DF-431C-ACF1-E8E227A19EE3}.Release|Any CPU.Build.0 = Release|Any CPU
		{AC3DB729-1096-4269-A8C4-54690E061AA8}.Debug|Any CPU.ActiveCfg = Debug|Any CPU
		{AC3DB729-1096-4269-A8C4-54690E061AA8}.Debug|Any CPU.Build.0 = Debug|Any CPU
		{AC3DB729-1096-4269-A8C4-54690E061AA8}.Release|Any CPU.ActiveCfg = Release|Any CPU
		{AC3DB729-1096-4269-A8C4-54690E061AA8}.Release|Any CPU.Build.0 = Release|Any CPU
		{643F3F17-B217-4AAA-A468-DB16E3CD6763}.Debug|Any CPU.ActiveCfg = Debug|Any CPU
		{643F3F17-B217-4AAA-A468-DB16E3CD6763}.Debug|Any CPU.Build.0 = Debug|Any CPU
		{643F3F17-B217-4AAA-A468-DB16E3CD6763}.Release|Any CPU.ActiveCfg = Release|Any CPU
		{643F3F17-B217-4AAA-A468-DB16E3CD6763}.Release|Any CPU.Build.0 = Release|Any CPU
		{E697AA19-E743-4746-9457-EF3995DAAADB}.Debug|Any CPU.ActiveCfg = Debug|Any CPU
		{E697AA19-E743-4746-9457-EF3995DAAADB}.Debug|Any CPU.Build.0 = Debug|Any CPU
		{E697AA19-E743-4746-9457-EF3995DAAADB}.Release|Any CPU.ActiveCfg = Release|Any CPU
		{E697AA19-E743-4746-9457-EF3995DAAADB}.Release|Any CPU.Build.0 = Release|Any CPU
		{5D775131-29E8-47C1-A478-EDC09A8A0AA9}.Debug|Any CPU.ActiveCfg = Debug|Any CPU
		{5D775131-29E8-47C1-A478-EDC09A8A0AA9}.Debug|Any CPU.Build.0 = Debug|Any CPU
		{5D775131-29E8-47C1-A478-EDC09A8A0AA9}.Release|Any CPU.ActiveCfg = Release|Any CPU
		{5D775131-29E8-47C1-A478-EDC09A8A0AA9}.Release|Any CPU.Build.0 = Release|Any CPU
		{6EBAC6F1-9CF5-4658-A778-524C716242AD}.Debug|Any CPU.ActiveCfg = Debug|Any CPU
		{6EBAC6F1-9CF5-4658-A778-524C716242AD}.Debug|Any CPU.Build.0 = Debug|Any CPU
		{6EBAC6F1-9CF5-4658-A778-524C716242AD}.Release|Any CPU.ActiveCfg = Release|Any CPU
		{6EBAC6F1-9CF5-4658-A778-524C716242AD}.Release|Any CPU.Build.0 = Release|Any CPU
	EndGlobalSection
	GlobalSection(SolutionProperties) = preSolution
		HideSolutionNode = FALSE
	EndGlobalSection
	GlobalSection(NestedProjects) = preSolution
		{5AB2B6B8-BDA1-4EA0-A3EC-8674DDC2CD80} = {B377782B-DE03-4052-B011-761AE0928C4C}
		{D066FF64-2DA2-4BEB-9AFB-8881E5EDB6A6} = {B377782B-DE03-4052-B011-761AE0928C4C}
		{A8E185DD-7623-4B3B-AE00-FDCFEF3F3D37} = {B377782B-DE03-4052-B011-761AE0928C4C}
		{8FF1D2D6-2591-40CC-BA92-F011EC6870B3} = {B377782B-DE03-4052-B011-761AE0928C4C}
		{8B32BBD9-0CCD-4E6C-AA68-F57E223F09F4} = {A08DAF1F-1535-48BA-94F0-45765EB13DBF}
		{6B08AA25-1E4F-41BB-B845-5656BD7AE61F} = {A08DAF1F-1535-48BA-94F0-45765EB13DBF}
		{EBAA358C-36F0-4520-9F5D-2DA145A08670} = {A08DAF1F-1535-48BA-94F0-45765EB13DBF}
		{5C018AB9-0EE9-4316-B729-65747E89C57B} = {A08DAF1F-1535-48BA-94F0-45765EB13DBF}
		{8C18941C-E5DF-431C-ACF1-E8E227A19EE3} = {8B32BBD9-0CCD-4E6C-AA68-F57E223F09F4}
		{AC3DB729-1096-4269-A8C4-54690E061AA8} = {6B08AA25-1E4F-41BB-B845-5656BD7AE61F}
		{643F3F17-B217-4AAA-A468-DB16E3CD6763} = {EBAA358C-36F0-4520-9F5D-2DA145A08670}
		{E697AA19-E743-4746-9457-EF3995DAAADB} = {5C018AB9-0EE9-4316-B729-65747E89C57B}
		{5D775131-29E8-47C1-A478-EDC09A8A0AA9} = {A8E185DD-7623-4B3B-AE00-FDCFEF3F3D37}
		{6EBAC6F1-9CF5-4658-A778-524C716242AD} = {D066FF64-2DA2-4BEB-9AFB-8881E5EDB6A6}
	EndGlobalSection
	GlobalSection(ExtensibilityGlobals) = postSolution
		SolutionGuid = {E5CFDECB-2E9E-468F-BB12-4505DEB6E74F}
	EndGlobalSection
EndGlobal
